
Microsoft Visual Studio Solution File, Format Version 11.00
# Visual Studio 2010
Project("{FAE04EC0-301F-11D3-BF4B-00C04F79EFBC}") = "ForumDonwloader", "ForumDonwloader\ForumDonwloader.csproj", "{13ADA6B7-3F48-43E1-8005-5C66ADC209E1}"
EndProject
Project("{FAE04EC0-301F-11D3-BF4B-00C04F79EFBC}") = "Framework", "Framework\Framework.csproj", "{7AE4FB95-428D-4CCF-B1D7-5BCD1B673878}"
EndProject
Project("{FAE04EC0-301F-11D3-BF4B-00C04F79EFBC}") = "RarbgDownloader", "RarbgDownloader\RarbgDownloader.csproj", "{8976EE64-481B-41A4-A53D-3AE28AEE9C75}"
EndProject
Project("{FAE04EC0-301F-11D3-BF4B-00C04F79EFBC}") = "Test", "Test\Test.csproj", "{2CC3625D-6CB6-4E09-AB8D-89FE0C6203B0}"
EndProject
Global
	GlobalSection(SolutionConfigurationPlatforms) = preSolution
		Debug|Any CPU = Debug|Any CPU
		Debug|Mixed Platforms = Debug|Mixed Platforms
		Debug|x86 = Debug|x86
		Release|Any CPU = Release|Any CPU
		Release|Mixed Platforms = Release|Mixed Platforms
		Release|x86 = Release|x86
	EndGlobalSection
	GlobalSection(ProjectConfigurationPlatforms) = postSolution
		{13ADA6B7-3F48-43E1-8005-5C66ADC209E1}.Debug|Any CPU.ActiveCfg = Debug|x86
		{13ADA6B7-3F48-43E1-8005-5C66ADC209E1}.Debug|Mixed Platforms.ActiveCfg = Debug|x86
		{13ADA6B7-3F48-43E1-8005-5C66ADC209E1}.Debug|Mixed Platforms.Build.0 = Debug|x86
		{13ADA6B7-3F48-43E1-8005-5C66ADC209E1}.Debug|x86.ActiveCfg = Debug|x86
		{13ADA6B7-3F48-43E1-8005-5C66ADC209E1}.Debug|x86.Build.0 = Debug|x86
		{13ADA6B7-3F48-43E1-8005-5C66ADC209E1}.Release|Any CPU.ActiveCfg = Release|x86
		{13ADA6B7-3F48-43E1-8005-5C66ADC209E1}.Release|Mixed Platforms.ActiveCfg = Release|x86
		{13ADA6B7-3F48-43E1-8005-5C66ADC209E1}.Release|Mixed Platforms.Build.0 = Release|x86
		{13ADA6B7-3F48-43E1-8005-5C66ADC209E1}.Release|x86.ActiveCfg = Release|x86
		{13ADA6B7-3F48-43E1-8005-5C66ADC209E1}.Release|x86.Build.0 = Release|x86
		{7AE4FB95-428D-4CCF-B1D7-5BCD1B673878}.Debug|Any CPU.ActiveCfg = Debug|Any CPU
		{7AE4FB95-428D-4CCF-B1D7-5BCD1B673878}.Debug|Any CPU.Build.0 = Debug|Any CPU
		{7AE4FB95-428D-4CCF-B1D7-5BCD1B673878}.Debug|Mixed Platforms.ActiveCfg = Debug|Any CPU
		{7AE4FB95-428D-4CCF-B1D7-5BCD1B673878}.Debug|Mixed Platforms.Build.0 = Debug|Any CPU
		{7AE4FB95-428D-4CCF-B1D7-5BCD1B673878}.Debug|x86.ActiveCfg = Debug|Any CPU
		{7AE4FB95-428D-4CCF-B1D7-5BCD1B673878}.Release|Any CPU.ActiveCfg = Release|Any CPU
		{7AE4FB95-428D-4CCF-B1D7-5BCD1B673878}.Release|Any CPU.Build.0 = Release|Any CPU
		{7AE4FB95-428D-4CCF-B1D7-5BCD1B673878}.Release|Mixed Platforms.ActiveCfg = Release|Any CPU
		{7AE4FB95-428D-4CCF-B1D7-5BCD1B673878}.Release|Mixed Platforms.Build.0 = Release|Any CPU
		{7AE4FB95-428D-4CCF-B1D7-5BCD1B673878}.Release|x86.ActiveCfg = Release|Any CPU
		{8976EE64-481B-41A4-A53D-3AE28AEE9C75}.Debug|Any CPU.ActiveCfg = Debug|Any CPU
		{8976EE64-481B-41A4-A53D-3AE28AEE9C75}.Debug|Any CPU.Build.0 = Debug|Any CPU
		{8976EE64-481B-41A4-A53D-3AE28AEE9C75}.Debug|Mixed Platforms.ActiveCfg = Debug|Any CPU
		{8976EE64-481B-41A4-A53D-3AE28AEE9C75}.Debug|Mixed Platforms.Build.0 = Debug|Any CPU
		{8976EE64-481B-41A4-A53D-3AE28AEE9C75}.Debug|x86.ActiveCfg = Debug|Any CPU
		{8976EE64-481B-41A4-A53D-3AE28AEE9C75}.Release|Any CPU.ActiveCfg = Release|Any CPU
		{8976EE64-481B-41A4-A53D-3AE28AEE9C75}.Release|Any CPU.Build.0 = Release|Any CPU
		{8976EE64-481B-41A4-A53D-3AE28AEE9C75}.Release|Mixed Platforms.ActiveCfg = Release|Any CPU
		{8976EE64-481B-41A4-A53D-3AE28AEE9C75}.Release|Mixed Platforms.Build.0 = Release|Any CPU
		{8976EE64-481B-41A4-A53D-3AE28AEE9C75}.Release|x86.ActiveCfg = Release|Any CPU
		{2CC3625D-6CB6-4E09-AB8D-89FE0C6203B0}.Debug|Any CPU.ActiveCfg = Debug|x86
		{2CC3625D-6CB6-4E09-AB8D-89FE0C6203B0}.Debug|Mixed Platforms.ActiveCfg = Debug|x86
		{2CC3625D-6CB6-4E09-AB8D-89FE0C6203B0}.Debug|Mixed Platforms.Build.0 = Debug|x86
		{2CC3625D-6CB6-4E09-AB8D-89FE0C6203B0}.Debug|x86.ActiveCfg = Debug|x86
		{2CC3625D-6CB6-4E09-AB8D-89FE0C6203B0}.Debug|x86.Build.0 = Debug|x86
		{2CC3625D-6CB6-4E09-AB8D-89FE0C6203B0}.Release|Any CPU.ActiveCfg = Release|x86
		{2CC3625D-6CB6-4E09-AB8D-89FE0C6203B0}.Release|Mixed Platforms.ActiveCfg = Release|x86
		{2CC3625D-6CB6-4E09-AB8D-89FE0C6203B0}.Release|Mixed Platforms.Build.0 = Release|x86
		{2CC3625D-6CB6-4E09-AB8D-89FE0C6203B0}.Release|x86.ActiveCfg = Release|x86
		{2CC3625D-6CB6-4E09-AB8D-89FE0C6203B0}.Release|x86.Build.0 = Release|x86
	EndGlobalSection
	GlobalSection(SolutionProperties) = preSolution
		HideSolutionNode = FALSE
	EndGlobalSection
EndGlobal
